// !$*UTF8*$!
{
	archiveVersion = 1;
	classes = {
	};
	objectVersion = 50;
	objects = {

/* Begin PBXBuildFile section */
		2678061B254A25DE0088A976 /* AppDelegate.swift in Sources */ = {isa = PBXBuildFile; fileRef = 2678061A254A25DE0088A976 /* AppDelegate.swift */; };
		2678061D254A25DE0088A976 /* SceneDelegate.swift in Sources */ = {isa = PBXBuildFile; fileRef = 2678061C254A25DE0088A976 /* SceneDelegate.swift */; };
		2678061F254A25DE0088A976 /* ContentView.swift in Sources */ = {isa = PBXBuildFile; fileRef = 2678061E254A25DE0088A976 /* ContentView.swift */; };
		26780621254A25E30088A976 /* Assets.xcassets in Resources */ = {isa = PBXBuildFile; fileRef = 26780620254A25E30088A976 /* Assets.xcassets */; };
		26780624254A25E30088A976 /* Preview Assets.xcassets in Resources */ = {isa = PBXBuildFile; fileRef = 26780623254A25E30088A976 /* Preview Assets.xcassets */; };
		26780627254A25E30088A976 /* LaunchScreen.storyboard in Resources */ = {isa = PBXBuildFile; fileRef = 26780625254A25E30088A976 /* LaunchScreen.storyboard */; };
		26780631254B465F0088A976 /* Shapes.swift in Sources */ = {isa = PBXBuildFile; fileRef = 26780630254B465F0088A976 /* Shapes.swift */; };
		26780633254B50C40088A976 /* ShapeGridView.swift in Sources */ = {isa = PBXBuildFile; fileRef = 26780632254B50C40088A976 /* ShapeGridView.swift */; };
		26780635254B58A10088A976 /* Model.swift in Sources */ = {isa = PBXBuildFile; fileRef = 26780634254B58A10088A976 /* Model.swift */; };
		26780637254B59EF0088A976 /* CellView.swift in Sources */ = {isa = PBXBuildFile; fileRef = 26780636254B59EF0088A976 /* CellView.swift */; };
		26780639254B5B190088A976 /* BackgroundView.swift in Sources */ = {isa = PBXBuildFile; fileRef = 26780638254B5B190088A976 /* BackgroundView.swift */; };
		2678063B254B64680088A976 /* Extensions.swift in Sources */ = {isa = PBXBuildFile; fileRef = 2678063A254B64680088A976 /* Extensions.swift */; };
		2678063D254B6C840088A976 /* ColorSliderView.swift in Sources */ = {isa = PBXBuildFile; fileRef = 2678063C254B6C840088A976 /* ColorSliderView.swift */; };
		2678063F254B73330088A976 /* PickedColor.swift in Sources */ = {isa = PBXBuildFile; fileRef = 2678063E254B73330088A976 /* PickedColor.swift */; };
		26780641254B73D30088A976 /* ColorPickerView.swift in Sources */ = {isa = PBXBuildFile; fileRef = 26780640254B73D30088A976 /* ColorPickerView.swift */; };
/* End PBXBuildFile section */

/* Begin PBXFileReference section */
		26780617254A25DE0088A976 /* OpenMind.app */ = {isa = PBXFileReference; explicitFileType = wrapper.application; includeInIndex = 0; path = OpenMind.app; sourceTree = BUILT_PRODUCTS_DIR; };
		2678061A254A25DE0088A976 /* AppDelegate.swift */ = {isa = PBXFileReference; lastKnownFileType = sourcecode.swift; path = AppDelegate.swift; sourceTree = "<group>"; };
		2678061C254A25DE0088A976 /* SceneDelegate.swift */ = {isa = PBXFileReference; lastKnownFileType = sourcecode.swift; path = SceneDelegate.swift; sourceTree = "<group>"; };
		2678061E254A25DE0088A976 /* ContentView.swift */ = {isa = PBXFileReference; lastKnownFileType = sourcecode.swift; path = ContentView.swift; sourceTree = "<group>"; };
		26780620254A25E30088A976 /* Assets.xcassets */ = {isa = PBXFileReference; lastKnownFileType = folder.assetcatalog; path = Assets.xcassets; sourceTree = "<group>"; };
		26780623254A25E30088A976 /* Preview Assets.xcassets */ = {isa = PBXFileReference; lastKnownFileType = folder.assetcatalog; path = "Preview Assets.xcassets"; sourceTree = "<group>"; };
		26780626254A25E30088A976 /* Base */ = {isa = PBXFileReference; lastKnownFileType = file.storyboard; name = Base; path = Base.lproj/LaunchScreen.storyboard; sourceTree = "<group>"; };
		26780628254A25E30088A976 /* Info.plist */ = {isa = PBXFileReference; lastKnownFileType = text.plist.xml; path = Info.plist; sourceTree = "<group>"; };
		26780630254B465F0088A976 /* Shapes.swift */ = {isa = PBXFileReference; lastKnownFileType = sourcecode.swift; path = Shapes.swift; sourceTree = "<group>"; };
		26780632254B50C40088A976 /* ShapeGridView.swift */ = {isa = PBXFileReference; lastKnownFileType = sourcecode.swift; path = ShapeGridView.swift; sourceTree = "<group>"; };
		26780634254B58A10088A976 /* Model.swift */ = {isa = PBXFileReference; lastKnownFileType = sourcecode.swift; path = Model.swift; sourceTree = "<group>"; };
		26780636254B59EF0088A976 /* CellView.swift */ = {isa = PBXFileReference; lastKnownFileType = sourcecode.swift; path = CellView.swift; sourceTree = "<group>"; };
		26780638254B5B190088A976 /* BackgroundView.swift */ = {isa = PBXFileReference; lastKnownFileType = sourcecode.swift; path = BackgroundView.swift; sourceTree = "<group>"; };
		2678063A254B64680088A976 /* Extensions.swift */ = {isa = PBXFileReference; lastKnownFileType = sourcecode.swift; path = Extensions.swift; sourceTree = "<group>"; };
		2678063C254B6C840088A976 /* ColorSliderView.swift */ = {isa = PBXFileReference; lastKnownFileType = sourcecode.swift; path = ColorSliderView.swift; sourceTree = "<group>"; };
		2678063E254B73330088A976 /* PickedColor.swift */ = {isa = PBXFileReference; lastKnownFileType = sourcecode.swift; path = PickedColor.swift; sourceTree = "<group>"; };
		26780640254B73D30088A976 /* ColorPickerView.swift */ = {isa = PBXFileReference; lastKnownFileType = sourcecode.swift; path = ColorPickerView.swift; sourceTree = "<group>"; };
/* End PBXFileReference section */

/* Begin PBXFrameworksBuildPhase section */
		26780614254A25DE0088A976 /* Frameworks */ = {
			isa = PBXFrameworksBuildPhase;
			buildActionMask = 2147483647;
			files = (
			);
			runOnlyForDeploymentPostprocessing = 0;
		};
/* End PBXFrameworksBuildPhase section */

/* Begin PBXGroup section */
		2678060E254A25DE0088A976 = {
			isa = PBXGroup;
			children = (
				26780619254A25DE0088A976 /* OpenMind */,
				26780618254A25DE0088A976 /* Products */,
			);
			sourceTree = "<group>";
		};
		26780618254A25DE0088A976 /* Products */ = {
			isa = PBXGroup;
			children = (
				26780617254A25DE0088A976 /* OpenMind.app */,
			);
			name = Products;
			sourceTree = "<group>";
		};
		26780619254A25DE0088A976 /* OpenMind */ = {
			isa = PBXGroup;
			children = (
				2678061A254A25DE0088A976 /* AppDelegate.swift */,
				2678061C254A25DE0088A976 /* SceneDelegate.swift */,
				2678061E254A25DE0088A976 /* ContentView.swift */,
				26780630254B465F0088A976 /* Shapes.swift */,
				26780634254B58A10088A976 /* Model.swift */,
				2678063C254B6C840088A976 /* ColorSliderView.swift */,
				26780638254B5B190088A976 /* BackgroundView.swift */,
				2678063A254B64680088A976 /* Extensions.swift */,
				26780636254B59EF0088A976 /* CellView.swift */,
				2678063E254B73330088A976 /* PickedColor.swift */,
				26780640254B73D30088A976 /* ColorPickerView.swift */,
				26780632254B50C40088A976 /* ShapeGridView.swift */,
				26780620254A25E30088A976 /* Assets.xcassets */,
				26780625254A25E30088A976 /* LaunchScreen.storyboard */,
				26780628254A25E30088A976 /* Info.plist */,
				26780622254A25E30088A976 /* Preview Content */,
			);
			path = OpenMind;
			sourceTree = "<group>";
		};
		26780622254A25E30088A976 /* Preview Content */ = {
			isa = PBXGroup;
			children = (
				26780623254A25E30088A976 /* Preview Assets.xcassets */,
			);
			path = "Preview Content";
			sourceTree = "<group>";
		};
/* End PBXGroup section */

/* Begin PBXNativeTarget section */
		26780616254A25DE0088A976 /* OpenMind */ = {
			isa = PBXNativeTarget;
			buildConfigurationList = 2678062B254A25E30088A976 /* Build configuration list for PBXNativeTarget "OpenMind" */;
			buildPhases = (
				26780613254A25DE0088A976 /* Sources */,
				26780614254A25DE0088A976 /* Frameworks */,
				26780615254A25DE0088A976 /* Resources */,
			);
			buildRules = (
			);
			dependencies = (
			);
			name = OpenMind;
			productName = OpenMind;
			productReference = 26780617254A25DE0088A976 /* OpenMind.app */;
			productType = "com.apple.product-type.application";
		};
/* End PBXNativeTarget section */

/* Begin PBXProject section */
		2678060F254A25DE0088A976 /* Project object */ = {
			isa = PBXProject;
			attributes = {
				LastSwiftUpdateCheck = 1160;
				LastUpgradeCheck = 1160;
				ORGANIZATIONNAME = "Anmol Raibhandare";
				TargetAttributes = {
					26780616254A25DE0088A976 = {
						CreatedOnToolsVersion = 11.6;
					};
				};
			};
			buildConfigurationList = 26780612254A25DE0088A976 /* Build configuration list for PBXProject "OpenMind" */;
			compatibilityVersion = "Xcode 9.3";
			developmentRegion = en;
			hasScannedForEncodings = 0;
			knownRegions = (
				en,
				Base,
			);
			mainGroup = 2678060E254A25DE0088A976;
			productRefGroup = 26780618254A25DE0088A976 /* Products */;
			projectDirPath = "";
			projectRoot = "";
			targets = (
				26780616254A25DE0088A976 /* OpenMind */,
			);
		};
/* End PBXProject section */

/* Begin PBXResourcesBuildPhase section */
		26780615254A25DE0088A976 /* Resources */ = {
			isa = PBXResourcesBuildPhase;
			buildActionMask = 2147483647;
			files = (
				26780627254A25E30088A976 /* LaunchScreen.storyboard in Resources */,
				26780624254A25E30088A976 /* Preview Assets.xcassets in Resources */,
				26780621254A25E30088A976 /* Assets.xcassets in Resources */,
			);
			runOnlyForDeploymentPostprocessing = 0;
		};
/* End PBXResourcesBuildPhase section */

/* Begin PBXSourcesBuildPhase section */
		26780613254A25DE0088A976 /* Sources */ = {
			isa = PBXSourcesBuildPhase;
			buildActionMask = 2147483647;
			files = (
				2678061B254A25DE0088A976 /* AppDelegate.swift in Sources */,
				2678063B254B64680088A976 /* Extensions.swift in Sources */,
				2678061D254A25DE0088A976 /* SceneDelegate.swift in Sources */,
				26780639254B5B190088A976 /* BackgroundView.swift in Sources */,
				26780633254B50C40088A976 /* ShapeGridView.swift in Sources */,
				2678063D254B6C840088A976 /* ColorSliderView.swift in Sources */,
				26780635254B58A10088A976 /* Model.swift in Sources */,
				2678061F254A25DE0088A976 /* ContentView.swift in Sources */,
				26780641254B73D30088A976 /* ColorPickerView.swift in Sources */,
				26780631254B465F0088A976 /* Shapes.swift in Sources */,
				26780637254B59EF0088A976 /* CellView.swift in Sources */,
				2678063F254B73330088A976 /* PickedColor.swift in Sources */,
			);
			runOnlyForDeploymentPostprocessing = 0;
		};
/* End PBXSourcesBuildPhase section */

/* Begin PBXVariantGroup section */
		26780625254A25E30088A976 /* LaunchScreen.storyboard */ = {
			isa = PBXVariantGroup;
			children = (
				26780626254A25E30088A976 /* Base */,
			);
			name = LaunchScreen.storyboard;
			sourceTree = "<group>";
		};
/* End PBXVariantGroup section */

/* Begin XCBuildConfiguration section */
		26780629254A25E30088A976 /* Debug */ = {
			isa = XCBuildConfiguration;
			buildSettings = {
				ALWAYS_SEARCH_USER_PATHS = NO;
				CLANG_ANALYZER_NONNULL = YES;
				CLANG_ANALYZER_NUMBER_OBJECT_CONVERSION = YES_AGGRESSIVE;
				CLANG_CXX_LANGUAGE_STANDARD = "gnu++14";
				CLANG_CXX_LIBRARY = "libc++";
				CLANG_ENABLE_MODULES = YES;
				CLANG_ENABLE_OBJC_ARC = YES;
				CLANG_ENABLE_OBJC_WEAK = YES;
				CLANG_WARN_BLOCK_CAPTURE_AUTORELEASING = YES;
				CLANG_WARN_BOOL_CONVERSION = YES;
				CLANG_WARN_COMMA = YES;
				CLANG_WARN_CONSTANT_CONVERSION = YES;
				CLANG_WARN_DEPRECATED_OBJC_IMPLEMENTATIONS = YES;
				CLANG_WARN_DIRECT_OBJC_ISA_USAGE = YES_ERROR;
				CLANG_WARN_DOCUMENTATION_COMMENTS = YES;
				CLANG_WARN_EMPTY_BODY = YES;
				CLANG_WARN_ENUM_CONVERSION = YES;
				CLANG_WARN_INFINITE_RECURSION = YES;
				CLANG_WARN_INT_CONVERSION = YES;
				CLANG_WARN_NON_LITERAL_NULL_CONVERSION = YES;
				CLANG_WARN_OBJC_IMPLICIT_RETAIN_SELF = YES;
				CLANG_WARN_OBJC_LITERAL_CONVERSION = YES;
				CLANG_WARN_OBJC_ROOT_CLASS = YES_ERROR;
				CLANG_WARN_RANGE_LOOP_ANALYSIS = YES;
				CLANG_WARN_STRICT_PROTOTYPES = YES;
				CLANG_WARN_SUSPICIOUS_MOVE = YES;
				CLANG_WARN_UNGUARDED_AVAILABILITY = YES_AGGRESSIVE;
				CLANG_WARN_UNREACHABLE_CODE = YES;
				CLANG_WARN__DUPLICATE_METHOD_MATCH = YES;
				COPY_PHASE_STRIP = NO;
				DEBUG_INFORMATION_FORMAT = dwarf;
				ENABLE_STRICT_OBJC_MSGSEND = YES;
				ENABLE_TESTABILITY = YES;
				GCC_C_LANGUAGE_STANDARD = gnu11;
				GCC_DYNAMIC_NO_PIC = NO;
				GCC_NO_COMMON_BLOCKS = YES;
				GCC_OPTIMIZATION_LEVEL = 0;
				GCC_PREPROCESSOR_DEFINITIONS = (
					"DEBUG=1",
					"$(inherited)",
				);
				GCC_WARN_64_TO_32_BIT_CONVERSION = YES;
				GCC_WARN_ABOUT_RETURN_TYPE = YES_ERROR;
				GCC_WARN_UNDECLARED_SELECTOR = YES;
				GCC_WARN_UNINITIALIZED_AUTOS = YES_AGGRESSIVE;
				GCC_WARN_UNUSED_FUNCTION = YES;
				GCC_WARN_UNUSED_VARIABLE = YES;
				IPHONEOS_DEPLOYMENT_TARGET = 13.6;
				MTL_ENABLE_DEBUG_INFO = INCLUDE_SOURCE;
				MTL_FAST_MATH = YES;
				ONLY_ACTIVE_ARCH = YES;
				SDKROOT = iphoneos;
				SWIFT_ACTIVE_COMPILATION_CONDITIONS = DEBUG;
				SWIFT_OPTIMIZATION_LEVEL = "-Onone";
			};
			name = Debug;
		};
		2678062A254A25E30088A976 /* Release */ = {
			isa = XCBuildConfiguration;
			buildSettings = {
				ALWAYS_SEARCH_USER_PATHS = NO;
				CLANG_ANALYZER_NONNULL = YES;
				CLANG_ANALYZER_NUMBER_OBJECT_CONVERSION = YES_AGGRESSIVE;
				CLANG_CXX_LANGUAGE_STANDARD = "gnu++14";
				CLANG_CXX_LIBRARY = "libc++";
				CLANG_ENABLE_MODULES = YES;
				CLANG_ENABLE_OBJC_ARC = YES;
				CLANG_ENABLE_OBJC_WEAK = YES;
				CLANG_WARN_BLOCK_CAPTURE_AUTORELEASING = YES;
				CLANG_WARN_BOOL_CONVERSION = YES;
				CLANG_WARN_COMMA = YES;
				CLANG_WARN_CONSTANT_CONVERSION = YES;
				CLANG_WARN_DEPRECATED_OBJC_IMPLEMENTATIONS = YES;
				CLANG_WARN_DIRECT_OBJC_ISA_USAGE = YES_ERROR;
				CLANG_WARN_DOCUMENTATION_COMMENTS = YES;
				CLANG_WARN_EMPTY_BODY = YES;
				CLANG_WARN_ENUM_CONVERSION = YES;
				CLANG_WARN_INFINITE_RECURSION = YES;
				CLANG_WARN_INT_CONVERSION = YES;
				CLANG_WARN_NON_LITERAL_NULL_CONVERSION = YES;
				CLANG_WARN_OBJC_IMPLICIT_RETAIN_SELF = YES;
				CLANG_WARN_OBJC_LITERAL_CONVERSION = YES;
				CLANG_WARN_OBJC_ROOT_CLASS = YES_ERROR;
				CLANG_WARN_RANGE_LOOP_ANALYSIS = YES;
				CLANG_WARN_STRICT_PROTOTYPES = YES;
				CLANG_WARN_SUSPICIOUS_MOVE = YES;
				CLANG_WARN_UNGUARDED_AVAILABILITY = YES_AGGRESSIVE;
				CLANG_WARN_UNREACHABLE_CODE = YES;
				CLANG_WARN__DUPLICATE_METHOD_MATCH = YES;
				COPY_PHASE_STRIP = NO;
				DEBUG_INFORMATION_FORMAT = "dwarf-with-dsym";
				ENABLE_NS_ASSERTIONS = NO;
				ENABLE_STRICT_OBJC_MSGSEND = YES;
				GCC_C_LANGUAGE_STANDARD = gnu11;
				GCC_NO_COMMON_BLOCKS = YES;
				GCC_WARN_64_TO_32_BIT_CONVERSION = YES;
				GCC_WARN_ABOUT_RETURN_TYPE = YES_ERROR;
				GCC_WARN_UNDECLARED_SELECTOR = YES;
				GCC_WARN_UNINITIALIZED_AUTOS = YES_AGGRESSIVE;
				GCC_WARN_UNUSED_FUNCTION = YES;
				GCC_WARN_UNUSED_VARIABLE = YES;
				IPHONEOS_DEPLOYMENT_TARGET = 13.6;
				MTL_ENABLE_DEBUG_INFO = NO;
				MTL_FAST_MATH = YES;
				SDKROOT = iphoneos;
				SWIFT_COMPILATION_MODE = wholemodule;
				SWIFT_OPTIMIZATION_LEVEL = "-O";
				VALIDATE_PRODUCT = YES;
			};
			name = Release;
		};
		2678062C254A25E30088A976 /* Debug */ = {
			isa = XCBuildConfiguration;
			buildSettings = {
				ASSETCATALOG_COMPILER_APPICON_NAME = AppIcon;
				CODE_SIGN_STYLE = Automatic;
				DEVELOPMENT_ASSET_PATHS = "\"OpenMind/Preview Content\"";
				DEVELOPMENT_TEAM = 3KU5S276FP;
				ENABLE_PREVIEWS = YES;
				INFOPLIST_FILE = OpenMind/Info.plist;
				LD_RUNPATH_SEARCH_PATHS = (
					"$(inherited)",
					"@executable_path/Frameworks",
				);
				PRODUCT_BUNDLE_IDENTIFIER = com.aray.OpenMind;
				PRODUCT_NAME = "$(TARGET_NAME)";
				SWIFT_VERSION = 5.0;
				TARGETED_DEVICE_FAMILY = "1,2";
			};
			name = Debug;
		};
		2678062D254A25E30088A976 /* Release */ = {
			isa = XCBuildConfiguration;
			buildSettings = {
				ASSETCATALOG_COMPILER_APPICON_NAME = AppIcon;
				CODE_SIGN_STYLE = Automatic;
				DEVELOPMENT_ASSET_PATHS = "\"OpenMind/Preview Content\"";
				DEVELOPMENT_TEAM = 3KU5S276FP;
				ENABLE_PREVIEWS = YES;
				INFOPLIST_FILE = OpenMind/Info.plist;
				LD_RUNPATH_SEARCH_PATHS = (
					"$(inherited)",
					"@executable_path/Frameworks",
				);
				PRODUCT_BUNDLE_IDENTIFIER = com.aray.OpenMind;
				PRODUCT_NAME = "$(TARGET_NAME)";
				SWIFT_VERSION = 5.0;
				TARGETED_DEVICE_FAMILY = "1,2";
			};
			name = Release;
		};
/* End XCBuildConfiguration section */

/* Begin XCConfigurationList section */
		26780612254A25DE0088A976 /* Build configuration list for PBXProject "OpenMind" */ = {
			isa = XCConfigurationList;
			buildConfigurations = (
				26780629254A25E30088A976 /* Debug */,
				2678062A254A25E30088A976 /* Release */,
			);
			defaultConfigurationIsVisible = 0;
			defaultConfigurationName = Release;
		};
		2678062B254A25E30088A976 /* Build configuration list for PBXNativeTarget "OpenMind" */ = {
			isa = XCConfigurationList;
			buildConfigurations = (
				2678062C254A25E30088A976 /* Debug */,
				2678062D254A25E30088A976 /* Release */,
			);
			defaultConfigurationIsVisible = 0;
			defaultConfigurationName = Release;
		};
/* End XCConfigurationList section */
	};
	rootObject = 2678060F254A25DE0088A976 /* Project object */;
}
